PODS:
  - Aspects (1.4.1)
  - Stinger (0.2.5)

DEPENDENCIES:
  - Aspects
  - Stinger (from `../`)

SPEC REPOS:
  https://github.com/cocoapods/specs.git:
    - Aspects

EXTERNAL SOURCES:
  Stinger:
    :path: "../"

SPEC CHECKSUMS:
  Aspects: 7595ba96a6727a58ebcbfc954497fc5d2fdde546
  Stinger: 551eb1262f733396c83cd9fba4ae9d9e963f0c92

PODFILE CHECKSUM: 6df52b616ee208569510c4defb2313f601db9f5e

COCOAPODS: 1.5.3
